
Microsoft Visual Studio Solution File, Format Version 12.00
# Visual Studio Version 17
VisualStudioVersion = 17.13.35919.96 d17.13
MinimumVisualStudioVersion = 10.0.40219.1
Project("{FAE04EC0-301F-11D3-BF4B-00C04F79EFBC}") = "LAB1.3", "LAB1.3\LAB1.3.csproj", "{A30102FF-262B-4343-B7AF-38DB2FB9EA15}"
EndProject
Global
	GlobalSection(SolutionConfigurationPlatforms) = preSolution
		Debug|Any CPU = Debug|Any CPU
		Release|Any CPU = Release|Any CPU
	EndGlobalSection
	GlobalSection(ProjectConfigurationPlatforms) = postSolution
		{A30102FF-262B-4343-B7AF-38DB2FB9EA15}.Debug|Any CPU.ActiveCfg = Debug|Any CPU
		{A30102FF-262B-4343-B7AF-38DB2FB9EA15}.Debug|Any CPU.Build.0 = Debug|Any CPU
		{A30102FF-262B-4343-B7AF-38DB2FB9EA15}.Release|Any CPU.ActiveCfg = Release|Any CPU
		{A30102FF-262B-4343-B7AF-38DB2FB9EA15}.Release|Any CPU.Build.0 = Release|Any CPU
	EndGlobalSection
	GlobalSection(SolutionProperties) = preSolution
		HideSolutionNode = FALSE
	EndGlobalSection
	GlobalSection(ExtensibilityGlobals) = postSolution
		SolutionGuid = {62C28B12-D3FB-4CF6-BBAD-E93AA1D8F6FB}
	EndGlobalSection
EndGlobal
